{
  "version": 4,
  "terraform_version": "1.14.3",
  "serial": 6,
  "lineage": "656319c0-d10e-e954-1d06-de8dd04e8a24",
  "outputs": {},
  "resources": [
    {
      "mode": "managed",
      "type": "azurerm_management_group",
      "name": "papliba_mg",
      "provider": "provider[\"registry.terraform.io/hashicorp/azurerm\"]",
      "instances": [
        {
          "schema_version": 0,
          "attributes": {
            "display_name": "papliba_mg",
            "id": "/providers/Microsoft.Management/managementGroups/4a86163f-161c-4918-9454-9c237c37a411",
            "name": "4a86163f-161c-4918-9454-9c237c37a411",
            "parent_management_group_id": "/providers/Microsoft.Management/managementGroups/ff47f666-29c1-4bca-b84e-1b04ed8ff94b",
            "subscription_ids": [],
            "tenant_scoped_id": "/tenants/ff47f666-29c1-4bca-b84e-1b04ed8ff94b/providers/Microsoft.Management/managementGroups/4a86163f-161c-4918-9454-9c237c37a411",
            "timeouts": null
          },
          "sensitive_attributes": [],
          "identity_schema_version": 0,
          "private": "eyJlMmJmYjczMC1lY2FhLTExZTYtOGY4OC0zNDM2M2JjN2M0YzAiOnsiY3JlYXRlIjoxODAwMDAwMDAwMDAwLCJkZWxldGUiOjE4MDAwMDAwMDAwMDAsInJlYWQiOjMwMDAwMDAwMDAwMCwidXBkYXRlIjoxODAwMDAwMDAwMDAwfX0="
        }
      ]
    }
  ],
  "check_results": null
}
