{
  "version": 4,
  "terraform_version": "1.14.3",
  "serial": 3,
  "lineage": "656319c0-d10e-e954-1d06-de8dd04e8a24",
  "outputs": {},
  "resources": [
    {
      "mode": "managed",
      "type": "azurerm_resource_group",
      "name": "papliba_rg",
      "provider": "provider[\"registry.terraform.io/hashicorp/azurerm\"]",
      "instances": [
        {
          "schema_version": 0,
          "attributes": {
            "id": "/subscriptions/26aa5846-d34c-410e-a041-1bfe17406a4e/resourceGroups/papliba_rg",
            "location": "swedencentral",
            "managed_by": "",
            "name": "papliba_rg",
            "tags": {
              "cost_center": "papliba_rg_cc"
            },
            "timeouts": null
          },
          "sensitive_attributes": [],
          "identity_schema_version": 0,
          "identity": {
            "name": "papliba_rg",
            "subscription_id": "26aa5846-d34c-410e-a041-1bfe17406a4e"
          },
          "private": "eyJlMmJmYjczMC1lY2FhLTExZTYtOGY4OC0zNDM2M2JjN2M0YzAiOnsiY3JlYXRlIjo1NDAwMDAwMDAwMDAwLCJkZWxldGUiOjU0MDAwMDAwMDAwMDAsInJlYWQiOjMwMDAwMDAwMDAwMCwidXBkYXRlIjo1NDAwMDAwMDAwMDAwfX0="
        }
      ]
    }
  ],
  "check_results": null
}
